
Microsoft Visual Studio Solution File, Format Version 12.00
# Visual Studio 15
VisualStudioVersion = 15.0.28307.852
MinimumVisualStudioVersion = 10.0.40219.1
Project("{8BC9CEB8-8B4A-11D0-8D11-00A0C91BC942}") = "SemPro3", "SemPro3\SemPro3.vcxproj", "{79A536EB-DFD7-43E8-9910-F152C71E3226}"
EndProject
Global
	GlobalSection(SolutionConfigurationPlatforms) = preSolution
		Debug|x64 = Debug|x64
		Debug|x86 = Debug|x86
		Release|x64 = Release|x64
		Release|x86 = Release|x86
	EndGlobalSection
	GlobalSection(ProjectConfigurationPlatforms) = postSolution
		{79A536EB-DFD7-43E8-9910-F152C71E3226}.Debug|x64.ActiveCfg = Debug|x64
		{79A536EB-DFD7-43E8-9910-F152C71E3226}.Debug|x64.Build.0 = Debug|x64
		{79A536EB-DFD7-43E8-9910-F152C71E3226}.Debug|x86.ActiveCfg = Debug|Win32
		{79A536EB-DFD7-43E8-9910-F152C71E3226}.Debug|x86.Build.0 = Debug|Win32
		{79A536EB-DFD7-43E8-9910-F152C71E3226}.Release|x64.ActiveCfg = Release|x64
		{79A536EB-DFD7-43E8-9910-F152C71E3226}.Release|x64.Build.0 = Release|x64
		{79A536EB-DFD7-43E8-9910-F152C71E3226}.Release|x86.ActiveCfg = Release|Win32
		{79A536EB-DFD7-43E8-9910-F152C71E3226}.Release|x86.Build.0 = Release|Win32
	EndGlobalSection
	GlobalSection(SolutionProperties) = preSolution
		HideSolutionNode = FALSE
	EndGlobalSection
	GlobalSection(ExtensibilityGlobals) = postSolution
		SolutionGuid = {3C5EF994-2C8B-4701-AA37-B135D2D13AAB}
	EndGlobalSection
EndGlobal
